// !$*UTF8*$!
{
	archiveVersion = 1;
	classes = {
	};
	objectVersion = 46;
	objects = {

/* Begin PBXBuildFile section */
		0EE9DC583B8D5D9C05FB0D87 /* Pods_eco3ice_app.framework in Frameworks */ = {isa = PBXBuildFile; fileRef = 0EF71F4006878CB333EB0F32 /* Pods_eco3ice_app.framework */; };
		189FD0F9F90EE2693D30C241 /* Pods_eco3ice_appTests.framework in Frameworks */ = {isa = PBXBuildFile; fileRef = CBE4C515A901BDF6CFD73274 /* Pods_eco3ice_appTests.framework */; };
		4F17C85C1FF56FAD0045DA52 /* e3i launch__2048.png in Resources */ = {isa = PBXBuildFile; fileRef = 4F17C85B1FF56FAD0045DA52 /* e3i launch__2048.png */; };
		4F2715811FCC7E9900DF64B7 /* Reachability.swift in Sources */ = {isa = PBXBuildFile; fileRef = 4F2715801FCC7E9900DF64B7 /* Reachability.swift */; };
		4F2B52F61FEEECAE006B6E7D /* Icon in Resources */ = {isa = PBXBuildFile; fileRef = 4F2B52F51FEEECAE006B6E7D /* Icon */; };
		4F66A21F203B54D400EF87DD /* eco3ice-beta1 in Resources */ = {isa = PBXBuildFile; fileRef = 4F66A21E203B54D400EF87DD /* eco3ice-beta1 */; };
		4FB1B3EB1F8BE02A008D353C /* AppDelegate.swift in Sources */ = {isa = PBXBuildFile; fileRef = 4FB1B3EA1F8BE02A008D353C /* AppDelegate.swift */; };
		4FB1B3ED1F8BE02A008D353C /* ViewController.swift in Sources */ = {isa = PBXBuildFile; fileRef = 4FB1B3EC1F8BE02A008D353C /* ViewController.swift */; };
		4FB1B3F01F8BE02A008D353C /* Main.storyboard in Resources */ = {isa = PBXBuildFile; fileRef = 4FB1B3EE1F8BE02A008D353C /* Main.storyboard */; };
		4FB1B3F21F8BE02A008D353C /* Assets.xcassets in Resources */ = {isa = PBXBuildFile; fileRef = 4FB1B3F11F8BE02A008D353C /* Assets.xcassets */; };
		4FB1B3F51F8BE02A008D353C /* LaunchScreen.storyboard in Resources */ = {isa = PBXBuildFile; fileRef = 4FB1B3F31F8BE02A008D353C /* LaunchScreen.storyboard */; };
		4FB1B4001F8BE02A008D353C /* eco3ice_appTests.swift in Sources */ = {isa = PBXBuildFile; fileRef = 4FB1B3FF1F8BE02A008D353C /* eco3ice_appTests.swift */; };
		4FB1B40B1F8BE02A008D353C /* eco3ice_appUITests.swift in Sources */ = {isa = PBXBuildFile; fileRef = 4FB1B40A1F8BE02A008D353C /* eco3ice_appUITests.swift */; };
		5E43431FAE0EB0A345BBCEBC /* Pods_eco3ice_appUITests.framework in Frameworks */ = {isa = PBXBuildFile; fileRef = 5D273C8E6B014C61CA5A51D1 /* Pods_eco3ice_appUITests.framework */; };
/* End PBXBuildFile section */

/* Begin PBXContainerItemProxy section */
		4FB1B3FC1F8BE02A008D353C /* PBXContainerItemProxy */ = {
			isa = PBXContainerItemProxy;
			containerPortal = 4FB1B3DF1F8BE02A008D353C /* Project object */;
			proxyType = 1;
			remoteGlobalIDString = 4FB1B3E61F8BE02A008D353C;
			remoteInfo = "eco3ice-app";
		};
		4FB1B4071F8BE02A008D353C /* PBXContainerItemProxy */ = {
			isa = PBXContainerItemProxy;
			containerPortal = 4FB1B3DF1F8BE02A008D353C /* Project object */;
			proxyType = 1;
			remoteGlobalIDString = 4FB1B3E61F8BE02A008D353C;
			remoteInfo = "eco3ice-app";
		};
/* End PBXContainerItemProxy section */

/* Begin PBXCopyFilesBuildPhase section */
		4FFB53081F91798400197C18 /* Embed Frameworks */ = {
			isa = PBXCopyFilesBuildPhase;
			buildActionMask = 2147483647;
			dstPath = "";
			dstSubfolderSpec = 10;
			files = (
			);
			name = "Embed Frameworks";
			runOnlyForDeploymentPostprocessing = 0;
		};
/* End PBXCopyFilesBuildPhase section */

/* Begin PBXFileReference section */
		0EF71F4006878CB333EB0F32 /* Pods_eco3ice_app.framework */ = {isa = PBXFileReference; explicitFileType = wrapper.framework; includeInIndex = 0; path = Pods_eco3ice_app.framework; sourceTree = BUILT_PRODUCTS_DIR; };
		1C2BAAD89A42CFD398298C14 /* Pods-eco3ice-app.debug.xcconfig */ = {isa = PBXFileReference; includeInIndex = 1; lastKnownFileType = text.xcconfig; name = "Pods-eco3ice-app.debug.xcconfig"; path = "Pods/Target Support Files/Pods-eco3ice-app/Pods-eco3ice-app.debug.xcconfig"; sourceTree = "<group>"; };
		471D94EA623611B0E0E974EA /* Pods-eco3ice-appTests.release.xcconfig */ = {isa = PBXFileReference; includeInIndex = 1; lastKnownFileType = text.xcconfig; name = "Pods-eco3ice-appTests.release.xcconfig"; path = "Pods/Target Support Files/Pods-eco3ice-appTests/Pods-eco3ice-appTests.release.xcconfig"; sourceTree = "<group>"; };
		4F17C85B1FF56FAD0045DA52 /* e3i launch__2048.png */ = {isa = PBXFileReference; lastKnownFileType = image.png; path = "e3i launch__2048.png"; sourceTree = "<group>"; };
		4F1C908D1F9F8A1A00344B61 /* eco3ice-app-Bridging-Header.h */ = {isa = PBXFileReference; lastKnownFileType = sourcecode.c.h; path = "eco3ice-app-Bridging-Header.h"; sourceTree = "<group>"; };
		4F2715801FCC7E9900DF64B7 /* Reachability.swift */ = {isa = PBXFileReference; fileEncoding = 4; lastKnownFileType = sourcecode.swift; path = Reachability.swift; sourceTree = "<group>"; };
		4F2B52F51FEEECAE006B6E7D /* Icon */ = {isa = PBXFileReference; lastKnownFileType = folder; path = Icon; sourceTree = "<group>"; };
		4F66A21E203B54D400EF87DD /* eco3ice-beta1 */ = {isa = PBXFileReference; lastKnownFileType = folder; path = "eco3ice-beta1"; sourceTree = "<group>"; };
		4FB1B3E71F8BE02A008D353C /* eco3ice-app.app */ = {isa = PBXFileReference; explicitFileType = wrapper.application; includeInIndex = 0; path = "eco3ice-app.app"; sourceTree = BUILT_PRODUCTS_DIR; };
		4FB1B3EA1F8BE02A008D353C /* AppDelegate.swift */ = {isa = PBXFileReference; lastKnownFileType = sourcecode.swift; path = AppDelegate.swift; sourceTree = "<group>"; };
		4FB1B3EC1F8BE02A008D353C /* ViewController.swift */ = {isa = PBXFileReference; lastKnownFileType = sourcecode.swift; path = ViewController.swift; sourceTree = "<group>"; };
		4FB1B3EF1F8BE02A008D353C /* Base */ = {isa = PBXFileReference; lastKnownFileType = file.storyboard; name = Base; path = Base.lproj/Main.storyboard; sourceTree = "<group>"; };
		4FB1B3F11F8BE02A008D353C /* Assets.xcassets */ = {isa = PBXFileReference; lastKnownFileType = folder.assetcatalog; path = Assets.xcassets; sourceTree = "<group>"; };
		4FB1B3F41F8BE02A008D353C /* Base */ = {isa = PBXFileReference; lastKnownFileType = file.storyboard; name = Base; path = Base.lproj/LaunchScreen.storyboard; sourceTree = "<group>"; };
		4FB1B3F61F8BE02A008D353C /* Info.plist */ = {isa = PBXFileReference; lastKnownFileType = text.plist.xml; path = Info.plist; sourceTree = "<group>"; };
		4FB1B3FB1F8BE02A008D353C /* eco3ice-appTests.xctest */ = {isa = PBXFileReference; explicitFileType = wrapper.cfbundle; includeInIndex = 0; path = "eco3ice-appTests.xctest"; sourceTree = BUILT_PRODUCTS_DIR; };
		4FB1B3FF1F8BE02A008D353C /* eco3ice_appTests.swift */ = {isa = PBXFileReference; lastKnownFileType = sourcecode.swift; path = eco3ice_appTests.swift; sourceTree = "<group>"; };
		4FB1B4011F8BE02A008D353C /* Info.plist */ = {isa = PBXFileReference; lastKnownFileType = text.plist.xml; path = Info.plist; sourceTree = "<group>"; };
		4FB1B4061F8BE02A008D353C /* eco3ice-appUITests.xctest */ = {isa = PBXFileReference; explicitFileType = wrapper.cfbundle; includeInIndex = 0; path = "eco3ice-appUITests.xctest"; sourceTree = BUILT_PRODUCTS_DIR; };
		4FB1B40A1F8BE02A008D353C /* eco3ice_appUITests.swift */ = {isa = PBXFileReference; lastKnownFileType = sourcecode.swift; path = eco3ice_appUITests.swift; sourceTree = "<group>"; };
		4FB1B40C1F8BE02A008D353C /* Info.plist */ = {isa = PBXFileReference; lastKnownFileType = text.plist.xml; path = Info.plist; sourceTree = "<group>"; };
		58C7B7374122595F73FD0523 /* Pods-eco3ice-app.release.xcconfig */ = {isa = PBXFileReference; includeInIndex = 1; lastKnownFileType = text.xcconfig; name = "Pods-eco3ice-app.release.xcconfig"; path = "Pods/Target Support Files/Pods-eco3ice-app/Pods-eco3ice-app.release.xcconfig"; sourceTree = "<group>"; };
		5D273C8E6B014C61CA5A51D1 /* Pods_eco3ice_appUITests.framework */ = {isa = PBXFileReference; explicitFileType = wrapper.framework; includeInIndex = 0; path = Pods_eco3ice_appUITests.framework; sourceTree = BUILT_PRODUCTS_DIR; };
		5D76D66B1CE5F6D5F89DDBA2 /* Pods-eco3ice-appUITests.release.xcconfig */ = {isa = PBXFileReference; includeInIndex = 1; lastKnownFileType = text.xcconfig; name = "Pods-eco3ice-appUITests.release.xcconfig"; path = "Pods/Target Support Files/Pods-eco3ice-appUITests/Pods-eco3ice-appUITests.release.xcconfig"; sourceTree = "<group>"; };
		6F5963C4475255E381779177 /* Pods-eco3ice-appUITests.debug.xcconfig */ = {isa = PBXFileReference; includeInIndex = 1; lastKnownFileType = text.xcconfig; name = "Pods-eco3ice-appUITests.debug.xcconfig"; path = "Pods/Target Support Files/Pods-eco3ice-appUITests/Pods-eco3ice-appUITests.debug.xcconfig"; sourceTree = "<group>"; };
		CBE4C515A901BDF6CFD73274 /* Pods_eco3ice_appTests.framework */ = {isa = PBXFileReference; explicitFileType = wrapper.framework; includeInIndex = 0; path = Pods_eco3ice_appTests.framework; sourceTree = BUILT_PRODUCTS_DIR; };
		EAAED10271545D7A34D059FD /* Pods-eco3ice-appTests.debug.xcconfig */ = {isa = PBXFileReference; includeInIndex = 1; lastKnownFileType = text.xcconfig; name = "Pods-eco3ice-appTests.debug.xcconfig"; path = "Pods/Target Support Files/Pods-eco3ice-appTests/Pods-eco3ice-appTests.debug.xcconfig"; sourceTree = "<group>"; };
/* End PBXFileReference section */

/* Begin PBXFrameworksBuildPhase section */
		4FB1B3E41F8BE02A008D353C /* Frameworks */ = {
			isa = PBXFrameworksBuildPhase;
			buildActionMask = 2147483647;
			files = (
				0EE9DC583B8D5D9C05FB0D87 /* Pods_eco3ice_app.framework in Frameworks */,
			);
			runOnlyForDeploymentPostprocessing = 0;
		};
		4FB1B3F81F8BE02A008D353C /* Frameworks */ = {
			isa = PBXFrameworksBuildPhase;
			buildActionMask = 2147483647;
			files = (
				189FD0F9F90EE2693D30C241 /* Pods_eco3ice_appTests.framework in Frameworks */,
			);
			runOnlyForDeploymentPostprocessing = 0;
		};
		4FB1B4031F8BE02A008D353C /* Frameworks */ = {
			isa = PBXFrameworksBuildPhase;
			buildActionMask = 2147483647;
			files = (
				5E43431FAE0EB0A345BBCEBC /* Pods_eco3ice_appUITests.framework in Frameworks */,
			);
			runOnlyForDeploymentPostprocessing = 0;
		};
/* End PBXFrameworksBuildPhase section */

/* Begin PBXGroup section */
		03137DC386077A23B5699B96 /* Frameworks */ = {
			isa = PBXGroup;
			children = (
				0EF71F4006878CB333EB0F32 /* Pods_eco3ice_app.framework */,
				CBE4C515A901BDF6CFD73274 /* Pods_eco3ice_appTests.framework */,
				5D273C8E6B014C61CA5A51D1 /* Pods_eco3ice_appUITests.framework */,
			);
			name = Frameworks;
			sourceTree = "<group>";
		};
		4FB1B3DE1F8BE02A008D353C = {
			isa = PBXGroup;
			children = (
				4FB1B3E91F8BE02A008D353C /* eco3ice-app */,
				4FB1B3FE1F8BE02A008D353C /* eco3ice-appTests */,
				4FB1B4091F8BE02A008D353C /* eco3ice-appUITests */,
				4FB1B3E81F8BE02A008D353C /* Products */,
				CF5F68A419F459FE6957B3EF /* Pods */,
				03137DC386077A23B5699B96 /* Frameworks */,
			);
			sourceTree = "<group>";
		};
		4FB1B3E81F8BE02A008D353C /* Products */ = {
			isa = PBXGroup;
			children = (
				4FB1B3E71F8BE02A008D353C /* eco3ice-app.app */,
				4FB1B3FB1F8BE02A008D353C /* eco3ice-appTests.xctest */,
				4FB1B4061F8BE02A008D353C /* eco3ice-appUITests.xctest */,
			);
			name = Products;
			sourceTree = "<group>";
		};
		4FB1B3E91F8BE02A008D353C /* eco3ice-app */ = {
			isa = PBXGroup;
			children = (
				4F66A21E203B54D400EF87DD /* eco3ice-beta1 */,
				4FB1B3EA1F8BE02A008D353C /* AppDelegate.swift */,
				4FB1B3EC1F8BE02A008D353C /* ViewController.swift */,
				4F2715801FCC7E9900DF64B7 /* Reachability.swift */,
				4FB1B3EE1F8BE02A008D353C /* Main.storyboard */,
				4F17C85B1FF56FAD0045DA52 /* e3i launch__2048.png */,
				4FB1B3F11F8BE02A008D353C /* Assets.xcassets */,
				4FB1B3F31F8BE02A008D353C /* LaunchScreen.storyboard */,
				4F2B52F51FEEECAE006B6E7D /* Icon */,
				4FB1B3F61F8BE02A008D353C /* Info.plist */,
				4F1C908D1F9F8A1A00344B61 /* eco3ice-app-Bridging-Header.h */,
			);
			path = "eco3ice-app";
			sourceTree = "<group>";
		};
		4FB1B3FE1F8BE02A008D353C /* eco3ice-appTests */ = {
			isa = PBXGroup;
			children = (
				4FB1B3FF1F8BE02A008D353C /* eco3ice_appTests.swift */,
				4FB1B4011F8BE02A008D353C /* Info.plist */,
			);
			path = "eco3ice-appTests";
			sourceTree = "<group>";
		};
		4FB1B4091F8BE02A008D353C /* eco3ice-appUITests */ = {
			isa = PBXGroup;
			children = (
				4FB1B40A1F8BE02A008D353C /* eco3ice_appUITests.swift */,
				4FB1B40C1F8BE02A008D353C /* Info.plist */,
			);
			path = "eco3ice-appUITests";
			sourceTree = "<group>";
		};
		CF5F68A419F459FE6957B3EF /* Pods */ = {
			isa = PBXGroup;
			children = (
				1C2BAAD89A42CFD398298C14 /* Pods-eco3ice-app.debug.xcconfig */,
				58C7B7374122595F73FD0523 /* Pods-eco3ice-app.release.xcconfig */,
				EAAED10271545D7A34D059FD /* Pods-eco3ice-appTests.debug.xcconfig */,
				471D94EA623611B0E0E974EA /* Pods-eco3ice-appTests.release.xcconfig */,
				6F5963C4475255E381779177 /* Pods-eco3ice-appUITests.debug.xcconfig */,
				5D76D66B1CE5F6D5F89DDBA2 /* Pods-eco3ice-appUITests.release.xcconfig */,
			);
			name = Pods;
			sourceTree = "<group>";
		};
/* End PBXGroup section */

/* Begin PBXNativeTarget section */
		4FB1B3E61F8BE02A008D353C /* eco3ice-app */ = {
			isa = PBXNativeTarget;
			buildConfigurationList = 4FB1B40F1F8BE02A008D353C /* Build configuration list for PBXNativeTarget "eco3ice-app" */;
			buildPhases = (
				A84205B70AC5DEDA3A351039 /* [CP] Check Pods Manifest.lock */,
				4FB1B3E31F8BE02A008D353C /* Sources */,
				4FB1B3E41F8BE02A008D353C /* Frameworks */,
				4FB1B3E51F8BE02A008D353C /* Resources */,
				4FFB53081F91798400197C18 /* Embed Frameworks */,
				850899B99173348DEAB09765 /* [CP] Embed Pods Frameworks */,
				D3A555DAF34CC97DEB379079 /* [CP] Copy Pods Resources */,
			);
			buildRules = (
			);
			dependencies = (
			);
			name = "eco3ice-app";
			productName = "eco3ice-app";
			productReference = 4FB1B3E71F8BE02A008D353C /* eco3ice-app.app */;
			productType = "com.apple.product-type.application";
		};
		4FB1B3FA1F8BE02A008D353C /* eco3ice-appTests */ = {
			isa = PBXNativeTarget;
			buildConfigurationList = 4FB1B4121F8BE02A008D353C /* Build configuration list for PBXNativeTarget "eco3ice-appTests" */;
			buildPhases = (
				6586149775A7095EFF1CCB7D /* [CP] Check Pods Manifest.lock */,
				4FB1B3F71F8BE02A008D353C /* Sources */,
				4FB1B3F81F8BE02A008D353C /* Frameworks */,
				4FB1B3F91F8BE02A008D353C /* Resources */,
				A95158F921A772A61230566D /* [CP] Embed Pods Frameworks */,
				3F7EA3FDF24C69D24BEF8EFF /* [CP] Copy Pods Resources */,
			);
			buildRules = (
			);
			dependencies = (
				4FB1B3FD1F8BE02A008D353C /* PBXTargetDependency */,
			);
			name = "eco3ice-appTests";
			productName = "eco3ice-appTests";
			productReference = 4FB1B3FB1F8BE02A008D353C /* eco3ice-appTests.xctest */;
			productType = "com.apple.product-type.bundle.unit-test";
		};
		4FB1B4051F8BE02A008D353C /* eco3ice-appUITests */ = {
			isa = PBXNativeTarget;
			buildConfigurationList = 4FB1B4151F8BE02A008D353C /* Build configuration list for PBXNativeTarget "eco3ice-appUITests" */;
			buildPhases = (
				084CAE48E0FC2890F4AF7945 /* [CP] Check Pods Manifest.lock */,
				4FB1B4021F8BE02A008D353C /* Sources */,
				4FB1B4031F8BE02A008D353C /* Frameworks */,
				4FB1B4041F8BE02A008D353C /* Resources */,
				D601C46A64027FB78CDFDC26 /* [CP] Embed Pods Frameworks */,
				3006895D2435C33CE7715478 /* [CP] Copy Pods Resources */,
			);
			buildRules = (
			);
			dependencies = (
				4FB1B4081F8BE02A008D353C /* PBXTargetDependency */,
			);
			name = "eco3ice-appUITests";
			productName = "eco3ice-appUITests";
			productReference = 4FB1B4061F8BE02A008D353C /* eco3ice-appUITests.xctest */;
			productType = "com.apple.product-type.bundle.ui-testing";
		};
/* End PBXNativeTarget section */

/* Begin PBXProject section */
		4FB1B3DF1F8BE02A008D353C /* Project object */ = {
			isa = PBXProject;
			attributes = {
				LastSwiftUpdateCheck = 0830;
				LastUpgradeCheck = 0830;
				ORGANIZATIONNAME = Franke;
				TargetAttributes = {
					4FB1B3E61F8BE02A008D353C = {
						CreatedOnToolsVersion = 8.3.3;
						DevelopmentTeam = W82NS7G9T7;
						LastSwiftMigration = 0830;
						ProvisioningStyle = Automatic;
					};
					4FB1B3FA1F8BE02A008D353C = {
						CreatedOnToolsVersion = 8.3.3;
						ProvisioningStyle = Automatic;
						TestTargetID = 4FB1B3E61F8BE02A008D353C;
					};
					4FB1B4051F8BE02A008D353C = {
						CreatedOnToolsVersion = 8.3.3;
						ProvisioningStyle = Automatic;
						TestTargetID = 4FB1B3E61F8BE02A008D353C;
					};
				};
			};
			buildConfigurationList = 4FB1B3E21F8BE02A008D353C /* Build configuration list for PBXProject "eco3ice-app" */;
			compatibilityVersion = "Xcode 3.2";
			developmentRegion = English;
			hasScannedForEncodings = 0;
			knownRegions = (
				en,
				Base,
			);
			mainGroup = 4FB1B3DE1F8BE02A008D353C;
			productRefGroup = 4FB1B3E81F8BE02A008D353C /* Products */;
			projectDirPath = "";
			projectRoot = "";
			targets = (
				4FB1B3E61F8BE02A008D353C /* eco3ice-app */,
				4FB1B3FA1F8BE02A008D353C /* eco3ice-appTests */,
				4FB1B4051F8BE02A008D353C /* eco3ice-appUITests */,
			);
		};
/* End PBXProject section */

/* Begin PBXResourcesBuildPhase section */
		4FB1B3E51F8BE02A008D353C /* Resources */ = {
			isa = PBXResourcesBuildPhase;
			buildActionMask = 2147483647;
			files = (
				4F66A21F203B54D400EF87DD /* eco3ice-beta1 in Resources */,
				4FB1B3F51F8BE02A008D353C /* LaunchScreen.storyboard in Resources */,
				4FB1B3F21F8BE02A008D353C /* Assets.xcassets in Resources */,
				4F17C85C1FF56FAD0045DA52 /* e3i launch__2048.png in Resources */,
				4FB1B3F01F8BE02A008D353C /* Main.storyboard in Resources */,
				4F2B52F61FEEECAE006B6E7D /* Icon in Resources */,
			);
			runOnlyForDeploymentPostprocessing = 0;
		};
		4FB1B3F91F8BE02A008D353C /* Resources */ = {
			isa = PBXResourcesBuildPhase;
			buildActionMask = 2147483647;
			files = (
			);
			runOnlyForDeploymentPostprocessing = 0;
		};
		4FB1B4041F8BE02A008D353C /* Resources */ = {
			isa = PBXResourcesBuildPhase;
			buildActionMask = 2147483647;
			files = (
			);
			runOnlyForDeploymentPostprocessing = 0;
		};
/* End PBXResourcesBuildPhase section */

/* Begin PBXShellScriptBuildPhase section */
		084CAE48E0FC2890F4AF7945 /* [CP] Check Pods Manifest.lock */ = {
			isa = PBXShellScriptBuildPhase;
			buildActionMask = 2147483647;
			files = (
			);
			inputPaths = (
				"${PODS_PODFILE_DIR_PATH}/Podfile.lock",
				"${PODS_ROOT}/Manifest.lock",
			);
			name = "[CP] Check Pods Manifest.lock";
			outputPaths = (
				"$(DERIVED_FILE_DIR)/Pods-eco3ice-appUITests-checkManifestLockResult.txt",
			);
			runOnlyForDeploymentPostprocessing = 0;
			shellPath = /bin/sh;
			shellScript = "diff \"${PODS_PODFILE_DIR_PATH}/Podfile.lock\" \"${PODS_ROOT}/Manifest.lock\" > /dev/null\nif [ $? != 0 ] ; then\n    # print error to STDERR\n    echo \"error: The sandbox is not in sync with the Podfile.lock. Run 'pod install' or update your CocoaPods installation.\" >&2\n    exit 1\nfi\n# This output is used by Xcode 'outputs' to avoid re-running this script phase.\necho \"SUCCESS\" > \"${SCRIPT_OUTPUT_FILE_0}\"\n";
			showEnvVarsInLog = 0;
		};
		3006895D2435C33CE7715478 /* [CP] Copy Pods Resources */ = {
			isa = PBXShellScriptBuildPhase;
			buildActionMask = 2147483647;
			files = (
			);
			inputPaths = (
			);
			name = "[CP] Copy Pods Resources";
			outputPaths = (
			);
			runOnlyForDeploymentPostprocessing = 0;
			shellPath = /bin/sh;
			shellScript = "\"${SRCROOT}/Pods/Target Support Files/Pods-eco3ice-appUITests/Pods-eco3ice-appUITests-resources.sh\"\n";
			showEnvVarsInLog = 0;
		};
		3F7EA3FDF24C69D24BEF8EFF /* [CP] Copy Pods Resources */ = {
			isa = PBXShellScriptBuildPhase;
			buildActionMask = 2147483647;
			files = (
			);
			inputPaths = (
			);
			name = "[CP] Copy Pods Resources";
			outputPaths = (
			);
			runOnlyForDeploymentPostprocessing = 0;
			shellPath = /bin/sh;
			shellScript = "\"${SRCROOT}/Pods/Target Support Files/Pods-eco3ice-appTests/Pods-eco3ice-appTests-resources.sh\"\n";
			showEnvVarsInLog = 0;
		};
		6586149775A7095EFF1CCB7D /* [CP] Check Pods Manifest.lock */ = {
			isa = PBXShellScriptBuildPhase;
			buildActionMask = 2147483647;
			files = (
			);
			inputPaths = (
				"${PODS_PODFILE_DIR_PATH}/Podfile.lock",
				"${PODS_ROOT}/Manifest.lock",
			);
			name = "[CP] Check Pods Manifest.lock";
			outputPaths = (
				"$(DERIVED_FILE_DIR)/Pods-eco3ice-appTests-checkManifestLockResult.txt",
			);
			runOnlyForDeploymentPostprocessing = 0;
			shellPath = /bin/sh;
			shellScript = "diff \"${PODS_PODFILE_DIR_PATH}/Podfile.lock\" \"${PODS_ROOT}/Manifest.lock\" > /dev/null\nif [ $? != 0 ] ; then\n    # print error to STDERR\n    echo \"error: The sandbox is not in sync with the Podfile.lock. Run 'pod install' or update your CocoaPods installation.\" >&2\n    exit 1\nfi\n# This output is used by Xcode 'outputs' to avoid re-running this script phase.\necho \"SUCCESS\" > \"${SCRIPT_OUTPUT_FILE_0}\"\n";
			showEnvVarsInLog = 0;
		};
		850899B99173348DEAB09765 /* [CP] Embed Pods Frameworks */ = {
			isa = PBXShellScriptBuildPhase;
			buildActionMask = 2147483647;
			files = (
			);
			inputPaths = (
				"${SRCROOT}/Pods/Target Support Files/Pods-eco3ice-app/Pods-eco3ice-app-frameworks.sh",
				"${BUILT_PRODUCTS_DIR}/Swifter/Swifter.framework",
			);
			name = "[CP] Embed Pods Frameworks";
			outputPaths = (
				"${TARGET_BUILD_DIR}/${FRAMEWORKS_FOLDER_PATH}/Swifter.framework",
			);
			runOnlyForDeploymentPostprocessing = 0;
			shellPath = /bin/sh;
			shellScript = "\"${SRCROOT}/Pods/Target Support Files/Pods-eco3ice-app/Pods-eco3ice-app-frameworks.sh\"\n";
			showEnvVarsInLog = 0;
		};
		A84205B70AC5DEDA3A351039 /* [CP] Check Pods Manifest.lock */ = {
			isa = PBXShellScriptBuildPhase;
			buildActionMask = 2147483647;
			files = (
			);
			inputPaths = (
				"${PODS_PODFILE_DIR_PATH}/Podfile.lock",
				"${PODS_ROOT}/Manifest.lock",
			);
			name = "[CP] Check Pods Manifest.lock";
			outputPaths = (
				"$(DERIVED_FILE_DIR)/Pods-eco3ice-app-checkManifestLockResult.txt",
			);
			runOnlyForDeploymentPostprocessing = 0;
			shellPath = /bin/sh;
			shellScript = "diff \"${PODS_PODFILE_DIR_PATH}/Podfile.lock\" \"${PODS_ROOT}/Manifest.lock\" > /dev/null\nif [ $? != 0 ] ; then\n    # print error to STDERR\n    echo \"error: The sandbox is not in sync with the Podfile.lock. Run 'pod install' or update your CocoaPods installation.\" >&2\n    exit 1\nfi\n# This output is used by Xcode 'outputs' to avoid re-running this script phase.\necho \"SUCCESS\" > \"${SCRIPT_OUTPUT_FILE_0}\"\n";
			showEnvVarsInLog = 0;
		};
		A95158F921A772A61230566D /* [CP] Embed Pods Frameworks */ = {
			isa = PBXShellScriptBuildPhase;
			buildActionMask = 2147483647;
			files = (
			);
			inputPaths = (
			);
			name = "[CP] Embed Pods Frameworks";
			outputPaths = (
			);
			runOnlyForDeploymentPostprocessing = 0;
			shellPath = /bin/sh;
			shellScript = "\"${SRCROOT}/Pods/Target Support Files/Pods-eco3ice-appTests/Pods-eco3ice-appTests-frameworks.sh\"\n";
			showEnvVarsInLog = 0;
		};
		D3A555DAF34CC97DEB379079 /* [CP] Copy Pods Resources */ = {
			isa = PBXShellScriptBuildPhase;
			buildActionMask = 2147483647;
			files = (
			);
			inputPaths = (
			);
			name = "[CP] Copy Pods Resources";
			outputPaths = (
			);
			runOnlyForDeploymentPostprocessing = 0;
			shellPath = /bin/sh;
			shellScript = "\"${SRCROOT}/Pods/Target Support Files/Pods-eco3ice-app/Pods-eco3ice-app-resources.sh\"\n";
			showEnvVarsInLog = 0;
		};
		D601C46A64027FB78CDFDC26 /* [CP] Embed Pods Frameworks */ = {
			isa = PBXShellScriptBuildPhase;
			buildActionMask = 2147483647;
			files = (
			);
			inputPaths = (
			);
			name = "[CP] Embed Pods Frameworks";
			outputPaths = (
			);
			runOnlyForDeploymentPostprocessing = 0;
			shellPath = /bin/sh;
			shellScript = "\"${SRCROOT}/Pods/Target Support Files/Pods-eco3ice-appUITests/Pods-eco3ice-appUITests-frameworks.sh\"\n";
			showEnvVarsInLog = 0;
		};
/* End PBXShellScriptBuildPhase section */

/* Begin PBXSourcesBuildPhase section */
		4FB1B3E31F8BE02A008D353C /* Sources */ = {
			isa = PBXSourcesBuildPhase;
			buildActionMask = 2147483647;
			files = (
				4FB1B3ED1F8BE02A008D353C /* ViewController.swift in Sources */,
				4FB1B3EB1F8BE02A008D353C /* AppDelegate.swift in Sources */,
				4F2715811FCC7E9900DF64B7 /* Reachability.swift in Sources */,
			);
			runOnlyForDeploymentPostprocessing = 0;
		};
		4FB1B3F71F8BE02A008D353C /* Sources */ = {
			isa = PBXSourcesBuildPhase;
			buildActionMask = 2147483647;
			files = (
				4FB1B4001F8BE02A008D353C /* eco3ice_appTests.swift in Sources */,
			);
			runOnlyForDeploymentPostprocessing = 0;
		};
		4FB1B4021F8BE02A008D353C /* Sources */ = {
			isa = PBXSourcesBuildPhase;
			buildActionMask = 2147483647;
			files = (
				4FB1B40B1F8BE02A008D353C /* eco3ice_appUITests.swift in Sources */,
			);
			runOnlyForDeploymentPostprocessing = 0;
		};
/* End PBXSourcesBuildPhase section */

/* Begin PBXTargetDependency section */
		4FB1B3FD1F8BE02A008D353C /* PBXTargetDependency */ = {
			isa = PBXTargetDependency;
			target = 4FB1B3E61F8BE02A008D353C /* eco3ice-app */;
			targetProxy = 4FB1B3FC1F8BE02A008D353C /* PBXContainerItemProxy */;
		};
		4FB1B4081F8BE02A008D353C /* PBXTargetDependency */ = {
			isa = PBXTargetDependency;
			target = 4FB1B3E61F8BE02A008D353C /* eco3ice-app */;
			targetProxy = 4FB1B4071F8BE02A008D353C /* PBXContainerItemProxy */;
		};
/* End PBXTargetDependency section */

/* Begin PBXVariantGroup section */
		4FB1B3EE1F8BE02A008D353C /* Main.storyboard */ = {
			isa = PBXVariantGroup;
			children = (
				4FB1B3EF1F8BE02A008D353C /* Base */,
			);
			name = Main.storyboard;
			sourceTree = "<group>";
		};
		4FB1B3F31F8BE02A008D353C /* LaunchScreen.storyboard */ = {
			isa = PBXVariantGroup;
			children = (
				4FB1B3F41F8BE02A008D353C /* Base */,
			);
			name = LaunchScreen.storyboard;
			sourceTree = "<group>";
		};
/* End PBXVariantGroup section */

/* Begin XCBuildConfiguration section */
		4FB1B40D1F8BE02A008D353C /* Debug */ = {
			isa = XCBuildConfiguration;
			buildSettings = {
				ALWAYS_SEARCH_USER_PATHS = NO;
				CLANG_ANALYZER_NONNULL = YES;
				CLANG_ANALYZER_NUMBER_OBJECT_CONVERSION = YES_AGGRESSIVE;
				CLANG_CXX_LANGUAGE_STANDARD = "gnu++0x";
				CLANG_CXX_LIBRARY = "libc++";
				CLANG_ENABLE_MODULES = YES;
				CLANG_ENABLE_OBJC_ARC = YES;
				CLANG_WARN_BOOL_CONVERSION = YES;
				CLANG_WARN_CONSTANT_CONVERSION = YES;
				CLANG_WARN_DIRECT_OBJC_ISA_USAGE = YES_ERROR;
				CLANG_WARN_DOCUMENTATION_COMMENTS = YES;
				CLANG_WARN_EMPTY_BODY = YES;
				CLANG_WARN_ENUM_CONVERSION = YES;
				CLANG_WARN_INFINITE_RECURSION = YES;
				CLANG_WARN_INT_CONVERSION = YES;
				CLANG_WARN_OBJC_ROOT_CLASS = YES_ERROR;
				CLANG_WARN_SUSPICIOUS_MOVE = YES;
				CLANG_WARN_UNREACHABLE_CODE = YES;
				CLANG_WARN__DUPLICATE_METHOD_MATCH = YES;
				"CODE_SIGN_IDENTITY[sdk=iphoneos*]" = "iPhone Developer";
				COPY_PHASE_STRIP = NO;
				DEBUG_INFORMATION_FORMAT = dwarf;
				ENABLE_STRICT_OBJC_MSGSEND = YES;
				ENABLE_TESTABILITY = YES;
				GCC_C_LANGUAGE_STANDARD = gnu99;
				GCC_DYNAMIC_NO_PIC = NO;
				GCC_NO_COMMON_BLOCKS = YES;
				GCC_OPTIMIZATION_LEVEL = 0;
				GCC_PREPROCESSOR_DEFINITIONS = (
					"DEBUG=1",
					"$(inherited)",
				);
				GCC_WARN_64_TO_32_BIT_CONVERSION = YES;
				GCC_WARN_ABOUT_RETURN_TYPE = YES_ERROR;
				GCC_WARN_UNDECLARED_SELECTOR = YES;
				GCC_WARN_UNINITIALIZED_AUTOS = YES_AGGRESSIVE;
				GCC_WARN_UNUSED_FUNCTION = YES;
				GCC_WARN_UNUSED_VARIABLE = YES;
				IPHONEOS_DEPLOYMENT_TARGET = 10.3;
				MTL_ENABLE_DEBUG_INFO = YES;
				ONLY_ACTIVE_ARCH = YES;
				SDKROOT = iphoneos;
				SWIFT_ACTIVE_COMPILATION_CONDITIONS = DEBUG;
				SWIFT_OPTIMIZATION_LEVEL = "-Onone";
				TARGETED_DEVICE_FAMILY = "1,2";
			};
			name = Debug;
		};
		4FB1B40E1F8BE02A008D353C /* Release */ = {
			isa = XCBuildConfiguration;
			buildSettings = {
				ALWAYS_SEARCH_USER_PATHS = NO;
				CLANG_ANALYZER_NONNULL = YES;
				CLANG_ANALYZER_NUMBER_OBJECT_CONVERSION = YES_AGGRESSIVE;
				CLANG_CXX_LANGUAGE_STANDARD = "gnu++0x";
				CLANG_CXX_LIBRARY = "libc++";
				CLANG_ENABLE_MODULES = YES;
				CLANG_ENABLE_OBJC_ARC = YES;
				CLANG_WARN_BOOL_CONVERSION = YES;
				CLANG_WARN_CONSTANT_CONVERSION = YES;
				CLANG_WARN_DIRECT_OBJC_ISA_USAGE = YES_ERROR;
				CLANG_WARN_DOCUMENTATION_COMMENTS = YES;
				CLANG_WARN_EMPTY_BODY = YES;
				CLANG_WARN_ENUM_CONVERSION = YES;
				CLANG_WARN_INFINITE_RECURSION = YES;
				CLANG_WARN_INT_CONVERSION = YES;
				CLANG_WARN_OBJC_ROOT_CLASS = YES_ERROR;
				CLANG_WARN_SUSPICIOUS_MOVE = YES;
				CLANG_WARN_UNREACHABLE_CODE = YES;
				CLANG_WARN__DUPLICATE_METHOD_MATCH = YES;
				"CODE_SIGN_IDENTITY[sdk=iphoneos*]" = "iPhone Developer";
				COPY_PHASE_STRIP = NO;
				DEBUG_INFORMATION_FORMAT = "dwarf-with-dsym";
				ENABLE_NS_ASSERTIONS = NO;
				ENABLE_STRICT_OBJC_MSGSEND = YES;
				GCC_C_LANGUAGE_STANDARD = gnu99;
				GCC_NO_COMMON_BLOCKS = YES;
				GCC_WARN_64_TO_32_BIT_CONVERSION = YES;
				GCC_WARN_ABOUT_RETURN_TYPE = YES_ERROR;
				GCC_WARN_UNDECLARED_SELECTOR = YES;
				GCC_WARN_UNINITIALIZED_AUTOS = YES_AGGRESSIVE;
				GCC_WARN_UNUSED_FUNCTION = YES;
				GCC_WARN_UNUSED_VARIABLE = YES;
				IPHONEOS_DEPLOYMENT_TARGET = 10.3;
				MTL_ENABLE_DEBUG_INFO = NO;
				SDKROOT = iphoneos;
				SWIFT_OPTIMIZATION_LEVEL = "-Owholemodule";
				TARGETED_DEVICE_FAMILY = "1,2";
				VALIDATE_PRODUCT = YES;
			};
			name = Release;
		};
		4FB1B4101F8BE02A008D353C /* Debug */ = {
			isa = XCBuildConfiguration;
			baseConfigurationReference = 1C2BAAD89A42CFD398298C14 /* Pods-eco3ice-app.debug.xcconfig */;
			buildSettings = {
				ASSETCATALOG_COMPILER_APPICON_NAME = AppIcon;
				CLANG_ENABLE_MODULES = YES;
				CODE_SIGN_IDENTITY = "iPhone Developer: Jessie Wooten (GW29877TQ7)";
				"CODE_SIGN_IDENTITY[sdk=iphoneos*]" = "iPhone Developer";
				DEVELOPMENT_TEAM = W82NS7G9T7;
				INFOPLIST_FILE = "eco3ice-app/Info.plist";
				IPHONEOS_DEPLOYMENT_TARGET = 8.0;
				LD_RUNPATH_SEARCH_PATHS = "$(inherited) @executable_path/Frameworks";
				PRODUCT_BUNDLE_IDENTIFIER = "franke.eco3ice-app";
				PRODUCT_NAME = "$(TARGET_NAME)";
				PROVISIONING_PROFILE_SPECIFIER = "";
				SDKROOT = iphoneos10.3;
				SWIFT_OBJC_BRIDGING_HEADER = "eco3ice-app/eco3ice-app-Bridging-Header.h";
				SWIFT_OPTIMIZATION_LEVEL = "-Onone";
				SWIFT_VERSION = 3.0;
				TARGETED_DEVICE_FAMILY = "1,2";
			};
			name = Debug;
		};
		4FB1B4111F8BE02A008D353C /* Release */ = {
			isa = XCBuildConfiguration;
			baseConfigurationReference = 58C7B7374122595F73FD0523 /* Pods-eco3ice-app.release.xcconfig */;
			buildSettings = {
				ASSETCATALOG_COMPILER_APPICON_NAME = AppIcon;
				CLANG_ENABLE_MODULES = YES;
				CODE_SIGN_IDENTITY = "iPhone Developer: Jessie Wooten (GW29877TQ7)";
				"CODE_SIGN_IDENTITY[sdk=iphoneos*]" = "iPhone Developer";
				DEVELOPMENT_TEAM = W82NS7G9T7;
				INFOPLIST_FILE = "eco3ice-app/Info.plist";
				IPHONEOS_DEPLOYMENT_TARGET = 8.0;
				LD_RUNPATH_SEARCH_PATHS = "$(inherited) @executable_path/Frameworks";
				PRODUCT_BUNDLE_IDENTIFIER = "franke.eco3ice-app";
				PRODUCT_NAME = "$(TARGET_NAME)";
				PROVISIONING_PROFILE_SPECIFIER = "";
				SDKROOT = iphoneos10.3;
				SWIFT_OBJC_BRIDGING_HEADER = "eco3ice-app/eco3ice-app-Bridging-Header.h";
				SWIFT_VERSION = 3.0;
				TARGETED_DEVICE_FAMILY = "1,2";
			};
			name = Release;
		};
		4FB1B4131F8BE02A008D353C /* Debug */ = {
			isa = XCBuildConfiguration;
			baseConfigurationReference = EAAED10271545D7A34D059FD /* Pods-eco3ice-appTests.debug.xcconfig */;
			buildSettings = {
				ALWAYS_EMBED_SWIFT_STANDARD_LIBRARIES = YES;
				BUNDLE_LOADER = "$(TEST_HOST)";
				INFOPLIST_FILE = "eco3ice-appTests/Info.plist";
				LD_RUNPATH_SEARCH_PATHS = "$(inherited) @executable_path/Frameworks @loader_path/Frameworks";
				PRODUCT_BUNDLE_IDENTIFIER = "franke.eco3ice-appTests";
				PRODUCT_NAME = "$(TARGET_NAME)";
				SWIFT_VERSION = 3.0;
				TEST_HOST = "$(BUILT_PRODUCTS_DIR)/eco3ice-app.app/eco3ice-app";
			};
			name = Debug;
		};
		4FB1B4141F8BE02A008D353C /* Release */ = {
			isa = XCBuildConfiguration;
			baseConfigurationReference = 471D94EA623611B0E0E974EA /* Pods-eco3ice-appTests.release.xcconfig */;
			buildSettings = {
				ALWAYS_EMBED_SWIFT_STANDARD_LIBRARIES = YES;
				BUNDLE_LOADER = "$(TEST_HOST)";
				INFOPLIST_FILE = "eco3ice-appTests/Info.plist";
				LD_RUNPATH_SEARCH_PATHS = "$(inherited) @executable_path/Frameworks @loader_path/Frameworks";
				PRODUCT_BUNDLE_IDENTIFIER = "franke.eco3ice-appTests";
				PRODUCT_NAME = "$(TARGET_NAME)";
				SWIFT_VERSION = 3.0;
				TEST_HOST = "$(BUILT_PRODUCTS_DIR)/eco3ice-app.app/eco3ice-app";
			};
			name = Release;
		};
		4FB1B4161F8BE02A008D353C /* Debug */ = {
			isa = XCBuildConfiguration;
			baseConfigurationReference = 6F5963C4475255E381779177 /* Pods-eco3ice-appUITests.debug.xcconfig */;
			buildSettings = {
				ALWAYS_EMBED_SWIFT_STANDARD_LIBRARIES = YES;
				INFOPLIST_FILE = "eco3ice-appUITests/Info.plist";
				LD_RUNPATH_SEARCH_PATHS = "$(inherited) @executable_path/Frameworks @loader_path/Frameworks";
				PRODUCT_BUNDLE_IDENTIFIER = "franke.eco3ice-appUITests";
				PRODUCT_NAME = "$(TARGET_NAME)";
				SWIFT_VERSION = 3.0;
				TEST_TARGET_NAME = "eco3ice-app";
			};
			name = Debug;
		};
		4FB1B4171F8BE02A008D353C /* Release */ = {
			isa = XCBuildConfiguration;
			baseConfigurationReference = 5D76D66B1CE5F6D5F89DDBA2 /* Pods-eco3ice-appUITests.release.xcconfig */;
			buildSettings = {
				ALWAYS_EMBED_SWIFT_STANDARD_LIBRARIES = YES;
				INFOPLIST_FILE = "eco3ice-appUITests/Info.plist";
				LD_RUNPATH_SEARCH_PATHS = "$(inherited) @executable_path/Frameworks @loader_path/Frameworks";
				PRODUCT_BUNDLE_IDENTIFIER = "franke.eco3ice-appUITests";
				PRODUCT_NAME = "$(TARGET_NAME)";
				SWIFT_VERSION = 3.0;
				TEST_TARGET_NAME = "eco3ice-app";
			};
			name = Release;
		};
/* End XCBuildConfiguration section */

/* Begin XCConfigurationList section */
		4FB1B3E21F8BE02A008D353C /* Build configuration list for PBXProject "eco3ice-app" */ = {
			isa = XCConfigurationList;
			buildConfigurations = (
				4FB1B40D1F8BE02A008D353C /* Debug */,
				4FB1B40E1F8BE02A008D353C /* Release */,
			);
			defaultConfigurationIsVisible = 0;
			defaultConfigurationName = Release;
		};
		4FB1B40F1F8BE02A008D353C /* Build configuration list for PBXNativeTarget "eco3ice-app" */ = {
			isa = XCConfigurationList;
			buildConfigurations = (
				4FB1B4101F8BE02A008D353C /* Debug */,
				4FB1B4111F8BE02A008D353C /* Release */,
			);
			defaultConfigurationIsVisible = 0;
			defaultConfigurationName = Release;
		};
		4FB1B4121F8BE02A008D353C /* Build configuration list for PBXNativeTarget "eco3ice-appTests" */ = {
			isa = XCConfigurationList;
			buildConfigurations = (
				4FB1B4131F8BE02A008D353C /* Debug */,
				4FB1B4141F8BE02A008D353C /* Release */,
			);
			defaultConfigurationIsVisible = 0;
			defaultConfigurationName = Release;
		};
		4FB1B4151F8BE02A008D353C /* Build configuration list for PBXNativeTarget "eco3ice-appUITests" */ = {
			isa = XCConfigurationList;
			buildConfigurations = (
				4FB1B4161F8BE02A008D353C /* Debug */,
				4FB1B4171F8BE02A008D353C /* Release */,
			);
			defaultConfigurationIsVisible = 0;
			defaultConfigurationName = Release;
		};
/* End XCConfigurationList section */
	};
	rootObject = 4FB1B3DF1F8BE02A008D353C /* Project object */;
}
